{
  "nodes": {
    "catppuccin": {
      "inputs": {
        "nixpkgs": "nixpkgs"
      },
      "locked": {
        "lastModified": 1745598511,
        "narHash": "sha256-GWYB7PngGwTJrp7gr0w6E5nnvwiblPvN2kjRCQw3ZEg=",
        "owner": "catppuccin",
        "repo": "nix",
        "rev": "199cb288a85b15ed203089804c024ae5b3eacd7c",
        "type": "github"
      },
      "original": {
        "owner": "catppuccin",
        "repo": "nix",
        "type": "github"
      }
    },
    "firefox-addons": {
      "inputs": {
        "nixpkgs": [
          "nixpkgs"
        ]
      },
      "locked": {
        "dir": "pkgs/firefox-addons",
        "lastModified": 1745752599,
        "narHash": "sha256-vX5uq4wv7FeNeeFtsTPXQ9n2hd92NFXI+u9sg1K8OhA=",
        "owner": "rycee",
        "repo": "nur-expressions",
        "rev": "0388c30f59e860307b2ef0ba93f38d2e525a153e",
        "type": "gitlab"
      },
      "original": {
        "dir": "pkgs/firefox-addons",
        "owner": "rycee",
        "repo": "nur-expressions",
        "type": "gitlab"
      }
    },
    "home-manager": {
      "inputs": {
        "nixpkgs": [
          "nixpkgs"
        ]
      },
      "locked": {
        "lastModified": 1746040799,
        "narHash": "sha256-osgPX/SzIpkR50vev/rqoTEAVkEcOWXoQXmbzsaI4KU=",
        "owner": "nix-community",
        "repo": "home-manager",
        "rev": "5f217e5a319f6c186283b530f8c975e66c028433",
        "type": "github"
      },
      "original": {
        "owner": "nix-community",
        "ref": "master",
        "repo": "home-manager",
        "type": "github"
      }
    },
    "nixpkgs": {
      "locked": {
        "lastModified": 1744463964,
        "narHash": "sha256-LWqduOgLHCFxiTNYi3Uj5Lgz0SR+Xhw3kr/3Xd0GPTM=",
        "owner": "NixOS",
        "repo": "nixpkgs",
        "rev": "2631b0b7abcea6e640ce31cd78ea58910d31e650",
        "type": "github"
      },
      "original": {
        "owner": "NixOS",
        "ref": "nixos-unstable",
        "repo": "nixpkgs",
        "type": "github"
      }
    },
    "nixpkgs_2": {
      "locked": {
        "lastModified": 1745930157,
        "narHash": "sha256-y3h3NLnzRSiUkYpnfvnS669zWZLoqqI6NprtLQ+5dck=",
        "owner": "nixos",
        "repo": "nixpkgs",
        "rev": "46e634be05ce9dc6d4db8e664515ba10b78151ae",
        "type": "github"
      },
      "original": {
        "owner": "nixos",
        "ref": "nixos-unstable",
        "repo": "nixpkgs",
        "type": "github"
      }
    },
    "root": {
      "inputs": {
        "catppuccin": "catppuccin",
        "firefox-addons": "firefox-addons",
        "home-manager": "home-manager",
        "nixpkgs": "nixpkgs_2",
        "sddm-catppuccin": "sddm-catppuccin"
      }
    },
    "sddm-catppuccin": {
      "inputs": {
        "nixpkgs": [
          "nixpkgs"
        ]
      },
      "locked": {
        "lastModified": 1742912907,
        "narHash": "sha256-nQImL5eDMENNDCXEqgrL2eszWXtBpbVlzjMxNdpxZlQ=",
        "owner": "khaneliman",
        "repo": "sddm-catppuccin",
        "rev": "10831dea7298bd1c3262a7f48417b5af1b92ed99",
        "type": "github"
      },
      "original": {
        "owner": "khaneliman",
        "repo": "sddm-catppuccin",
        "type": "github"
      }
    }
  },
  "root": "root",
  "version": 7
}
